
Microsoft Visual Studio Solution File, Format Version 12.00
# Visual Studio 2012
Project("{2150E333-8FDC-42A3-9474-1A3956D46DE8}") = "Application", "Application", "{69E6EB86-FF45-444F-AC17-5ADD8B570CEA}"
EndProject
Project("{FAE04EC0-301F-11D3-BF4B-00C04F79EFBC}") = "CafeBytes.XamarinExemplo.Droid", "CafeBytes.XamarinExemplo.Droid\CafeBytes.XamarinExemplo.Droid.csproj", "{41BD0FA3-1B2C-4A05-A1A3-4D99770B43E7}"
EndProject
Project("{FAE04EC0-301F-11D3-BF4B-00C04F79EFBC}") = "CafeBytes.XamarinExemplo.iOS", "CafeBytes.XamarinExemplo.iOS\CafeBytes.XamarinExemplo.iOS.csproj", "{07ED4D8A-293E-46D1-BDCC-0AB107EC4094}"
EndProject
Project("{2150E333-8FDC-42A3-9474-1A3956D46DE8}") = "Core", "Core", "{ADCECB12-BF94-4715-88D6-817629000BDC}"
EndProject
Project("{FAE04EC0-301F-11D3-BF4B-00C04F79EFBC}") = "CafeBytes.XamarinExemplo.Core", "CafeBytes.XamarinExemplo.Core\CafeBytes.XamarinExemplo.Core.csproj", "{60E275C2-253A-4AFE-A78E-99C366A63B15}"
EndProject
Project("{FAE04EC0-301F-11D3-BF4B-00C04F79EFBC}") = "CafeBytes.XamarinExemplo.Contract", "CafeBytes.XamarinExemplo.Contract\CafeBytes.XamarinExemplo.Contract.csproj", "{3DA2FF5A-3ED6-4E3E-9CC9-CF74B8B760A0}"
EndProject
Project("{2150E333-8FDC-42A3-9474-1A3956D46DE8}") = "ServerService", "ServerService", "{5923B2AE-33D4-4582-9528-FBAFD6A0D29A}"
EndProject
Project("{FAE04EC0-301F-11D3-BF4B-00C04F79EFBC}") = "CafeBytes.XamarinExemplo.Http", "CafeBytes.XamarinExemplo.Http\CafeBytes.XamarinExemplo.Http.csproj", "{14A3A849-4935-42AC-A0FB-6B505D409E32}"
EndProject
Project("{FAE04EC0-301F-11D3-BF4B-00C04F79EFBC}") = "CafeBytes.XamarinExemplo.ServerService", "CafeBytes.XamarinExemplo.ServerService\CafeBytes.XamarinExemplo.ServerService.csproj", "{A87B62FF-B7EC-46C6-9D6D-BA6ED89F3607}"
EndProject
Global
	GlobalSection(SolutionConfigurationPlatforms) = preSolution
		Debug|x86 = Debug|x86
		Release|x86 = Release|x86
		Debug|iPhoneSimulator = Debug|iPhoneSimulator
		Release|iPhoneSimulator = Release|iPhoneSimulator
		Debug|iPhone = Debug|iPhone
		Release|iPhone = Release|iPhone
		Ad-Hoc|iPhone = Ad-Hoc|iPhone
		AppStore|iPhone = AppStore|iPhone
	EndGlobalSection
	GlobalSection(ProjectConfigurationPlatforms) = postSolution
		{07ED4D8A-293E-46D1-BDCC-0AB107EC4094}.Ad-Hoc|iPhone.ActiveCfg = Ad-Hoc|iPhone
		{07ED4D8A-293E-46D1-BDCC-0AB107EC4094}.Ad-Hoc|iPhone.Build.0 = Ad-Hoc|iPhone
		{07ED4D8A-293E-46D1-BDCC-0AB107EC4094}.AppStore|iPhone.ActiveCfg = AppStore|iPhone
		{07ED4D8A-293E-46D1-BDCC-0AB107EC4094}.AppStore|iPhone.Build.0 = AppStore|iPhone
		{07ED4D8A-293E-46D1-BDCC-0AB107EC4094}.Debug|iPhone.ActiveCfg = Debug|iPhone
		{07ED4D8A-293E-46D1-BDCC-0AB107EC4094}.Debug|iPhone.Build.0 = Debug|iPhone
		{07ED4D8A-293E-46D1-BDCC-0AB107EC4094}.Debug|iPhoneSimulator.ActiveCfg = Debug|iPhoneSimulator
		{07ED4D8A-293E-46D1-BDCC-0AB107EC4094}.Debug|iPhoneSimulator.Build.0 = Debug|iPhoneSimulator
		{07ED4D8A-293E-46D1-BDCC-0AB107EC4094}.Debug|x86.ActiveCfg = Debug|iPhoneSimulator
		{07ED4D8A-293E-46D1-BDCC-0AB107EC4094}.Debug|x86.Build.0 = Debug|iPhoneSimulator
		{07ED4D8A-293E-46D1-BDCC-0AB107EC4094}.Release|iPhone.ActiveCfg = Release|iPhone
		{07ED4D8A-293E-46D1-BDCC-0AB107EC4094}.Release|iPhone.Build.0 = Release|iPhone
		{07ED4D8A-293E-46D1-BDCC-0AB107EC4094}.Release|iPhoneSimulator.ActiveCfg = Release|iPhoneSimulator
		{07ED4D8A-293E-46D1-BDCC-0AB107EC4094}.Release|iPhoneSimulator.Build.0 = Release|iPhoneSimulator
		{07ED4D8A-293E-46D1-BDCC-0AB107EC4094}.Release|x86.ActiveCfg = Release|iPhoneSimulator
		{07ED4D8A-293E-46D1-BDCC-0AB107EC4094}.Release|x86.Build.0 = Release|iPhoneSimulator
		{14A3A849-4935-42AC-A0FB-6B505D409E32}.Ad-Hoc|iPhone.ActiveCfg = Debug|Any CPU
		{14A3A849-4935-42AC-A0FB-6B505D409E32}.Ad-Hoc|iPhone.Build.0 = Debug|Any CPU
		{14A3A849-4935-42AC-A0FB-6B505D409E32}.AppStore|iPhone.ActiveCfg = Debug|Any CPU
		{14A3A849-4935-42AC-A0FB-6B505D409E32}.AppStore|iPhone.Build.0 = Debug|Any CPU
		{14A3A849-4935-42AC-A0FB-6B505D409E32}.Debug|iPhone.ActiveCfg = Debug|Any CPU
		{14A3A849-4935-42AC-A0FB-6B505D409E32}.Debug|iPhone.Build.0 = Debug|Any CPU
		{14A3A849-4935-42AC-A0FB-6B505D409E32}.Debug|iPhoneSimulator.ActiveCfg = Debug|Any CPU
		{14A3A849-4935-42AC-A0FB-6B505D409E32}.Debug|iPhoneSimulator.Build.0 = Debug|Any CPU
		{14A3A849-4935-42AC-A0FB-6B505D409E32}.Debug|x86.ActiveCfg = Debug|Any CPU
		{14A3A849-4935-42AC-A0FB-6B505D409E32}.Debug|x86.Build.0 = Debug|Any CPU
		{14A3A849-4935-42AC-A0FB-6B505D409E32}.Release|iPhone.ActiveCfg = Release|Any CPU
		{14A3A849-4935-42AC-A0FB-6B505D409E32}.Release|iPhone.Build.0 = Release|Any CPU
		{14A3A849-4935-42AC-A0FB-6B505D409E32}.Release|iPhoneSimulator.ActiveCfg = Release|Any CPU
		{14A3A849-4935-42AC-A0FB-6B505D409E32}.Release|iPhoneSimulator.Build.0 = Release|Any CPU
		{14A3A849-4935-42AC-A0FB-6B505D409E32}.Release|x86.ActiveCfg = Release|Any CPU
		{14A3A849-4935-42AC-A0FB-6B505D409E32}.Release|x86.Build.0 = Release|Any CPU
		{3DA2FF5A-3ED6-4E3E-9CC9-CF74B8B760A0}.Ad-Hoc|iPhone.ActiveCfg = Debug|Any CPU
		{3DA2FF5A-3ED6-4E3E-9CC9-CF74B8B760A0}.Ad-Hoc|iPhone.Build.0 = Debug|Any CPU
		{3DA2FF5A-3ED6-4E3E-9CC9-CF74B8B760A0}.AppStore|iPhone.ActiveCfg = Debug|Any CPU
		{3DA2FF5A-3ED6-4E3E-9CC9-CF74B8B760A0}.AppStore|iPhone.Build.0 = Debug|Any CPU
		{3DA2FF5A-3ED6-4E3E-9CC9-CF74B8B760A0}.Debug|iPhone.ActiveCfg = Debug|Any CPU
		{3DA2FF5A-3ED6-4E3E-9CC9-CF74B8B760A0}.Debug|iPhone.Build.0 = Debug|Any CPU
		{3DA2FF5A-3ED6-4E3E-9CC9-CF74B8B760A0}.Debug|iPhoneSimulator.ActiveCfg = Debug|Any CPU
		{3DA2FF5A-3ED6-4E3E-9CC9-CF74B8B760A0}.Debug|iPhoneSimulator.Build.0 = Debug|Any CPU
		{3DA2FF5A-3ED6-4E3E-9CC9-CF74B8B760A0}.Debug|x86.ActiveCfg = Debug|Any CPU
		{3DA2FF5A-3ED6-4E3E-9CC9-CF74B8B760A0}.Debug|x86.Build.0 = Debug|Any CPU
		{3DA2FF5A-3ED6-4E3E-9CC9-CF74B8B760A0}.Release|iPhone.ActiveCfg = Release|Any CPU
		{3DA2FF5A-3ED6-4E3E-9CC9-CF74B8B760A0}.Release|iPhone.Build.0 = Release|Any CPU
		{3DA2FF5A-3ED6-4E3E-9CC9-CF74B8B760A0}.Release|iPhoneSimulator.ActiveCfg = Release|Any CPU
		{3DA2FF5A-3ED6-4E3E-9CC9-CF74B8B760A0}.Release|iPhoneSimulator.Build.0 = Release|Any CPU
		{3DA2FF5A-3ED6-4E3E-9CC9-CF74B8B760A0}.Release|x86.ActiveCfg = Release|Any CPU
		{3DA2FF5A-3ED6-4E3E-9CC9-CF74B8B760A0}.Release|x86.Build.0 = Release|Any CPU
		{41BD0FA3-1B2C-4A05-A1A3-4D99770B43E7}.Ad-Hoc|iPhone.ActiveCfg = Debug|Any CPU
		{41BD0FA3-1B2C-4A05-A1A3-4D99770B43E7}.Ad-Hoc|iPhone.Build.0 = Debug|Any CPU
		{41BD0FA3-1B2C-4A05-A1A3-4D99770B43E7}.AppStore|iPhone.ActiveCfg = Debug|Any CPU
		{41BD0FA3-1B2C-4A05-A1A3-4D99770B43E7}.AppStore|iPhone.Build.0 = Debug|Any CPU
		{41BD0FA3-1B2C-4A05-A1A3-4D99770B43E7}.Debug|iPhone.ActiveCfg = Debug|Any CPU
		{41BD0FA3-1B2C-4A05-A1A3-4D99770B43E7}.Debug|iPhone.Build.0 = Debug|Any CPU
		{41BD0FA3-1B2C-4A05-A1A3-4D99770B43E7}.Debug|iPhoneSimulator.ActiveCfg = Debug|Any CPU
		{41BD0FA3-1B2C-4A05-A1A3-4D99770B43E7}.Debug|iPhoneSimulator.Build.0 = Debug|Any CPU
		{41BD0FA3-1B2C-4A05-A1A3-4D99770B43E7}.Debug|x86.ActiveCfg = Debug|Any CPU
		{41BD0FA3-1B2C-4A05-A1A3-4D99770B43E7}.Debug|x86.Build.0 = Debug|Any CPU
		{41BD0FA3-1B2C-4A05-A1A3-4D99770B43E7}.Release|iPhone.ActiveCfg = Release|Any CPU
		{41BD0FA3-1B2C-4A05-A1A3-4D99770B43E7}.Release|iPhone.Build.0 = Release|Any CPU
		{41BD0FA3-1B2C-4A05-A1A3-4D99770B43E7}.Release|iPhoneSimulator.ActiveCfg = Release|Any CPU
		{41BD0FA3-1B2C-4A05-A1A3-4D99770B43E7}.Release|iPhoneSimulator.Build.0 = Release|Any CPU
		{41BD0FA3-1B2C-4A05-A1A3-4D99770B43E7}.Release|x86.ActiveCfg = Release|Any CPU
		{41BD0FA3-1B2C-4A05-A1A3-4D99770B43E7}.Release|x86.Build.0 = Release|Any CPU
		{60E275C2-253A-4AFE-A78E-99C366A63B15}.Ad-Hoc|iPhone.ActiveCfg = Debug|Any CPU
		{60E275C2-253A-4AFE-A78E-99C366A63B15}.Ad-Hoc|iPhone.Build.0 = Debug|Any CPU
		{60E275C2-253A-4AFE-A78E-99C366A63B15}.AppStore|iPhone.ActiveCfg = Debug|Any CPU
		{60E275C2-253A-4AFE-A78E-99C366A63B15}.AppStore|iPhone.Build.0 = Debug|Any CPU
		{60E275C2-253A-4AFE-A78E-99C366A63B15}.Debug|iPhone.ActiveCfg = Debug|Any CPU
		{60E275C2-253A-4AFE-A78E-99C366A63B15}.Debug|iPhone.Build.0 = Debug|Any CPU
		{60E275C2-253A-4AFE-A78E-99C366A63B15}.Debug|iPhoneSimulator.ActiveCfg = Debug|Any CPU
		{60E275C2-253A-4AFE-A78E-99C366A63B15}.Debug|iPhoneSimulator.Build.0 = Debug|Any CPU
		{60E275C2-253A-4AFE-A78E-99C366A63B15}.Debug|x86.ActiveCfg = Debug|Any CPU
		{60E275C2-253A-4AFE-A78E-99C366A63B15}.Debug|x86.Build.0 = Debug|Any CPU
		{60E275C2-253A-4AFE-A78E-99C366A63B15}.Release|iPhone.ActiveCfg = Release|Any CPU
		{60E275C2-253A-4AFE-A78E-99C366A63B15}.Release|iPhone.Build.0 = Release|Any CPU
		{60E275C2-253A-4AFE-A78E-99C366A63B15}.Release|iPhoneSimulator.ActiveCfg = Release|Any CPU
		{60E275C2-253A-4AFE-A78E-99C366A63B15}.Release|iPhoneSimulator.Build.0 = Release|Any CPU
		{60E275C2-253A-4AFE-A78E-99C366A63B15}.Release|x86.ActiveCfg = Release|Any CPU
		{60E275C2-253A-4AFE-A78E-99C366A63B15}.Release|x86.Build.0 = Release|Any CPU
		{A87B62FF-B7EC-46C6-9D6D-BA6ED89F3607}.Ad-Hoc|iPhone.ActiveCfg = Debug|Any CPU
		{A87B62FF-B7EC-46C6-9D6D-BA6ED89F3607}.Ad-Hoc|iPhone.Build.0 = Debug|Any CPU
		{A87B62FF-B7EC-46C6-9D6D-BA6ED89F3607}.AppStore|iPhone.ActiveCfg = Debug|Any CPU
		{A87B62FF-B7EC-46C6-9D6D-BA6ED89F3607}.AppStore|iPhone.Build.0 = Debug|Any CPU
		{A87B62FF-B7EC-46C6-9D6D-BA6ED89F3607}.Debug|iPhone.ActiveCfg = Debug|Any CPU
		{A87B62FF-B7EC-46C6-9D6D-BA6ED89F3607}.Debug|iPhone.Build.0 = Debug|Any CPU
		{A87B62FF-B7EC-46C6-9D6D-BA6ED89F3607}.Debug|iPhoneSimulator.ActiveCfg = Debug|Any CPU
		{A87B62FF-B7EC-46C6-9D6D-BA6ED89F3607}.Debug|iPhoneSimulator.Build.0 = Debug|Any CPU
		{A87B62FF-B7EC-46C6-9D6D-BA6ED89F3607}.Debug|x86.ActiveCfg = Debug|Any CPU
		{A87B62FF-B7EC-46C6-9D6D-BA6ED89F3607}.Debug|x86.Build.0 = Debug|Any CPU
		{A87B62FF-B7EC-46C6-9D6D-BA6ED89F3607}.Release|iPhone.ActiveCfg = Release|Any CPU
		{A87B62FF-B7EC-46C6-9D6D-BA6ED89F3607}.Release|iPhone.Build.0 = Release|Any CPU
		{A87B62FF-B7EC-46C6-9D6D-BA6ED89F3607}.Release|iPhoneSimulator.ActiveCfg = Release|Any CPU
		{A87B62FF-B7EC-46C6-9D6D-BA6ED89F3607}.Release|iPhoneSimulator.Build.0 = Release|Any CPU
		{A87B62FF-B7EC-46C6-9D6D-BA6ED89F3607}.Release|x86.ActiveCfg = Release|Any CPU
		{A87B62FF-B7EC-46C6-9D6D-BA6ED89F3607}.Release|x86.Build.0 = Release|Any CPU
	EndGlobalSection
	GlobalSection(NestedProjects) = preSolution
		{41BD0FA3-1B2C-4A05-A1A3-4D99770B43E7} = {69E6EB86-FF45-444F-AC17-5ADD8B570CEA}
		{07ED4D8A-293E-46D1-BDCC-0AB107EC4094} = {69E6EB86-FF45-444F-AC17-5ADD8B570CEA}
		{60E275C2-253A-4AFE-A78E-99C366A63B15} = {ADCECB12-BF94-4715-88D6-817629000BDC}
		{3DA2FF5A-3ED6-4E3E-9CC9-CF74B8B760A0} = {ADCECB12-BF94-4715-88D6-817629000BDC}
		{14A3A849-4935-42AC-A0FB-6B505D409E32} = {5923B2AE-33D4-4582-9528-FBAFD6A0D29A}
		{A87B62FF-B7EC-46C6-9D6D-BA6ED89F3607} = {5923B2AE-33D4-4582-9528-FBAFD6A0D29A}
	EndGlobalSection
	GlobalSection(MonoDevelopProperties) = preSolution
		StartupItem = CafeBytes.XamarinExemplo.Droid\CafeBytes.XamarinExemplo.Droid.csproj
	EndGlobalSection
EndGlobal
